
Microsoft Visual Studio Solution File, Format Version 12.00
# Visual Studio 15
VisualStudioVersion = 15.0.28010.2041
MinimumVisualStudioVersion = 10.0.40219.1
Project("{FAE04EC0-301F-11D3-BF4B-00C04F79EFBC}") = "QbinExtensions", "QbinExtensions\QbinExtensions.csproj", "{434070D8-DB66-4F2B-B32F-3B884C26B3C0}"
EndProject
Global
	GlobalSection(SolutionConfigurationPlatforms) = preSolution
		Debug|Any CPU = Debug|Any CPU
		Release|Any CPU = Release|Any CPU
	EndGlobalSection
	GlobalSection(ProjectConfigurationPlatforms) = postSolution
		{434070D8-DB66-4F2B-B32F-3B884C26B3C0}.Debug|Any CPU.ActiveCfg = Debug|Any CPU
		{434070D8-DB66-4F2B-B32F-3B884C26B3C0}.Debug|Any CPU.Build.0 = Debug|Any CPU
		{434070D8-DB66-4F2B-B32F-3B884C26B3C0}.Release|Any CPU.ActiveCfg = Release|Any CPU
		{434070D8-DB66-4F2B-B32F-3B884C26B3C0}.Release|Any CPU.Build.0 = Release|Any CPU
	EndGlobalSection
	GlobalSection(SolutionProperties) = preSolution
		HideSolutionNode = FALSE
	EndGlobalSection
	GlobalSection(ExtensibilityGlobals) = postSolution
		SolutionGuid = {392D30E7-7EE5-48EC-B3D2-BC21F3A6F4C0}
	EndGlobalSection
EndGlobal
